
Microsoft Visual Studio Solution File, Format Version 12.00
# Visual Studio 15
VisualStudioVersion = 15.0.28010.2048
MinimumVisualStudioVersion = 10.0.40219.1
Project("{FAE04EC0-301F-11D3-BF4B-00C04F79EFBC}") = "Web", "Web\Web.csproj", "{95098F9C-2188-459A-9E58-F9D1D01F962C}"
EndProject
Project("{9A19103F-16F7-4668-BE54-9A1E7A4F7556}") = "ApplicationCore", "ApplicationCore\ApplicationCore.csproj", "{31BE8CEE-B497-43F6-B4FE-A1B9B5ED9A38}"
EndProject
Project("{9A19103F-16F7-4668-BE54-9A1E7A4F7556}") = "Infrastructure", "Infrastructure\Infrastructure.csproj", "{127794BF-3679-4D7E-AEBC-3D4D9E1FD621}"
EndProject
Global
	GlobalSection(SolutionConfigurationPlatforms) = preSolution
		Debug|Any CPU = Debug|Any CPU
		Release|Any CPU = Release|Any CPU
	EndGlobalSection
	GlobalSection(ProjectConfigurationPlatforms) = postSolution
		{95098F9C-2188-459A-9E58-F9D1D01F962C}.Debug|Any CPU.ActiveCfg = Debug|Any CPU
		{95098F9C-2188-459A-9E58-F9D1D01F962C}.Debug|Any CPU.Build.0 = Debug|Any CPU
		{95098F9C-2188-459A-9E58-F9D1D01F962C}.Release|Any CPU.ActiveCfg = Release|Any CPU
		{95098F9C-2188-459A-9E58-F9D1D01F962C}.Release|Any CPU.Build.0 = Release|Any CPU
		{31BE8CEE-B497-43F6-B4FE-A1B9B5ED9A38}.Debug|Any CPU.ActiveCfg = Debug|Any CPU
		{31BE8CEE-B497-43F6-B4FE-A1B9B5ED9A38}.Debug|Any CPU.Build.0 = Debug|Any CPU
		{31BE8CEE-B497-43F6-B4FE-A1B9B5ED9A38}.Release|Any CPU.ActiveCfg = Release|Any CPU
		{31BE8CEE-B497-43F6-B4FE-A1B9B5ED9A38}.Release|Any CPU.Build.0 = Release|Any CPU
		{127794BF-3679-4D7E-AEBC-3D4D9E1FD621}.Debug|Any CPU.ActiveCfg = Debug|Any CPU
		{127794BF-3679-4D7E-AEBC-3D4D9E1FD621}.Debug|Any CPU.Build.0 = Debug|Any CPU
		{127794BF-3679-4D7E-AEBC-3D4D9E1FD621}.Release|Any CPU.ActiveCfg = Release|Any CPU
		{127794BF-3679-4D7E-AEBC-3D4D9E1FD621}.Release|Any CPU.Build.0 = Release|Any CPU
	EndGlobalSection
	GlobalSection(SolutionProperties) = preSolution
		HideSolutionNode = FALSE
	EndGlobalSection
	GlobalSection(ExtensibilityGlobals) = postSolution
		SolutionGuid = {F8416B02-8645-445C-BE9C-7BB8747D47EE}
	EndGlobalSection
EndGlobal
